
Microsoft Visual Studio Solution File, Format Version 12.00
Project("{FAE04EC0-301F-11D3-BF4B-00C04F79EFBC}") = "Lab11", "Lab11.csproj", "{AA4BB7C1-F9CE-4FBB-A873-29101A3DCF36}"
EndProject
Global
	GlobalSection(SolutionConfigurationPlatforms) = preSolution
		Debug|Any CPU = Debug|Any CPU
		Release|Any CPU = Release|Any CPU
	EndGlobalSection
	GlobalSection(ProjectConfigurationPlatforms) = postSolution
		{AA4BB7C1-F9CE-4FBB-A873-29101A3DCF36}.Debug|Any CPU.ActiveCfg = Debug|Any CPU
		{AA4BB7C1-F9CE-4FBB-A873-29101A3DCF36}.Debug|Any CPU.Build.0 = Debug|Any CPU
		{AA4BB7C1-F9CE-4FBB-A873-29101A3DCF36}.Release|Any CPU.ActiveCfg = Release|Any CPU
		{AA4BB7C1-F9CE-4FBB-A873-29101A3DCF36}.Release|Any CPU.Build.0 = Release|Any CPU
	EndGlobalSection
EndGlobal
