
Microsoft Visual Studio Solution File, Format Version 12.00
Project("{FAE04EC0-301F-11D3-BF4B-00C04F79EFBC}") = "Lab07", "Lab07.csproj", "{8A970191-B373-4222-AFE7-F6ED81A87867}"
EndProject
Global
	GlobalSection(SolutionConfigurationPlatforms) = preSolution
		Debug|Any CPU = Debug|Any CPU
		Release|Any CPU = Release|Any CPU
	EndGlobalSection
	GlobalSection(ProjectConfigurationPlatforms) = postSolution
		{8A970191-B373-4222-AFE7-F6ED81A87867}.Debug|Any CPU.ActiveCfg = Debug|Any CPU
		{8A970191-B373-4222-AFE7-F6ED81A87867}.Debug|Any CPU.Build.0 = Debug|Any CPU
		{8A970191-B373-4222-AFE7-F6ED81A87867}.Release|Any CPU.ActiveCfg = Release|Any CPU
		{8A970191-B373-4222-AFE7-F6ED81A87867}.Release|Any CPU.Build.0 = Release|Any CPU
	EndGlobalSection
EndGlobal
